# @generated by Move, please check-in and do not edit manually.

[move]
version = 3
manifest_digest = "73935A13483DF52A0036C917D67CCB23E7412B60B7BDDC612C5CF10860DE6F07"
deps_digest = "3C4103934B1E040BB6B23F1D610B4EF9F2F1166A50A104EADCF77467C004C600"
dependencies = [
  { id = "MoveStdlib", name = "MoveStdlib" },
  { id = "Sui", name = "Sui" },
]

[[move.package]]
id = "MoveStdlib"
source = { git = "https://github.com/MystenLabs/sui.git", rev = "framework/testnet", subdir = "crates/sui-framework/packages/move-stdlib" }

[[move.package]]
id = "Sui"
source = { git = "https://github.com/MystenLabs/sui.git", rev = "framework/testnet", subdir = "crates/sui-framework/packages/sui-framework" }

dependencies = [
  { id = "MoveStdlib", name = "MoveStdlib" },
]

[move.toolchain-version]
compiler-version = "1.40.3"
edition = "2024.beta"
flavor = "sui"

[env]

[env.local]
chain-id = "cc87df9c"
original-published-id = "0x31b84ac2e6f7cd86d88bf51a943e429b8f922075c36c8757433326512f830a9c"
latest-published-id = "0x31b84ac2e6f7cd86d88bf51a943e429b8f922075c36c8757433326512f830a9c"
published-version = "1"

[env.testnet]
chain-id = "4c78adac"
original-published-id = "0x12ebb15156ee7d5f9f5870e37a83add6ee536b8a2d7b0df6d826192971028515"
latest-published-id = "0x12ebb15156ee7d5f9f5870e37a83add6ee536b8a2d7b0df6d826192971028515"
published-version = "1"
